
Microsoft Visual Studio Solution File, Format Version 12.00
# Visual Studio 2015
Project("{FAE04EC0-301F-11D3-BF4B-00C04F79EFBC}") = "MyFightGame", "MyFightGame.csproj", "{FEF7536C-DF3E-6142-0AFB-3E34AACED18F}"
EndProject
Project("{FAE04EC0-301F-11D3-BF4B-00C04F79EFBC}") = "MyFightGame.Editor", "MyFightGame.Editor.csproj", "{4CBE5A84-FF5C-5D6B-8801-7D49954841BE}"
EndProject
Global
	GlobalSection(SolutionConfigurationPlatforms) = preSolution
		Debug|Any CPU = Debug|Any CPU
		Release|Any CPU = Release|Any CPU
	EndGlobalSection
	GlobalSection(ProjectConfigurationPlatforms) = postSolution
		{FEF7536C-DF3E-6142-0AFB-3E34AACED18F}.Debug|Any CPU.ActiveCfg = Debug|Any CPU
		{FEF7536C-DF3E-6142-0AFB-3E34AACED18F}.Debug|Any CPU.Build.0 = Debug|Any CPU
		{FEF7536C-DF3E-6142-0AFB-3E34AACED18F}.Release|Any CPU.ActiveCfg = Release|Any CPU
		{FEF7536C-DF3E-6142-0AFB-3E34AACED18F}.Release|Any CPU.Build.0 = Release|Any CPU
		{4CBE5A84-FF5C-5D6B-8801-7D49954841BE}.Debug|Any CPU.ActiveCfg = Debug|Any CPU
		{4CBE5A84-FF5C-5D6B-8801-7D49954841BE}.Debug|Any CPU.Build.0 = Debug|Any CPU
		{4CBE5A84-FF5C-5D6B-8801-7D49954841BE}.Release|Any CPU.ActiveCfg = Release|Any CPU
		{4CBE5A84-FF5C-5D6B-8801-7D49954841BE}.Release|Any CPU.Build.0 = Release|Any CPU
	EndGlobalSection
	GlobalSection(SolutionProperties) = preSolution
		HideSolutionNode = FALSE
	EndGlobalSection
EndGlobal
